// !$*UTF8*$!
{
	archiveVersion = 1;
	classes = {
	};
	objectVersion = 50;
	objects = {

/* Begin PBXBuildFile section */
		80FCAEEB222101DD00D0AC39 /* AppDelegate.swift in Sources */ = {isa = PBXBuildFile; fileRef = 80FCAEEA222101DD00D0AC39 /* AppDelegate.swift */; };
		80FCAEED222101DD00D0AC39 /* ToDoListViewController.swift in Sources */ = {isa = PBXBuildFile; fileRef = 80FCAEEC222101DD00D0AC39 /* ToDoListViewController.swift */; };
		80FCAEF0222101DD00D0AC39 /* Main.storyboard in Resources */ = {isa = PBXBuildFile; fileRef = 80FCAEEE222101DD00D0AC39 /* Main.storyboard */; };
		80FCAEF2222101E100D0AC39 /* Assets.xcassets in Resources */ = {isa = PBXBuildFile; fileRef = 80FCAEF1222101E100D0AC39 /* Assets.xcassets */; };
		80FCAEF5222101E100D0AC39 /* LaunchScreen.storyboard in Resources */ = {isa = PBXBuildFile; fileRef = 80FCAEF3222101E100D0AC39 /* LaunchScreen.storyboard */; };
		80FCAF04222440DD00D0AC39 /* DataModel.xcdatamodeld in Sources */ = {isa = PBXBuildFile; fileRef = 80FCAF02222440DD00D0AC39 /* DataModel.xcdatamodeld */; };
		80FCAF27222AEB3A00D0AC39 /* CategoryTableViewController.swift in Sources */ = {isa = PBXBuildFile; fileRef = 80FCAF26222AEB3A00D0AC39 /* CategoryTableViewController.swift */; };
/* End PBXBuildFile section */

/* Begin PBXFileReference section */
		80FCAEE7222101DD00D0AC39 /* todoey.app */ = {isa = PBXFileReference; explicitFileType = wrapper.application; includeInIndex = 0; path = todoey.app; sourceTree = BUILT_PRODUCTS_DIR; };
		80FCAEEA222101DD00D0AC39 /* AppDelegate.swift */ = {isa = PBXFileReference; lastKnownFileType = sourcecode.swift; path = AppDelegate.swift; sourceTree = "<group>"; };
		80FCAEEC222101DD00D0AC39 /* ToDoListViewController.swift */ = {isa = PBXFileReference; lastKnownFileType = sourcecode.swift; path = ToDoListViewController.swift; sourceTree = "<group>"; };
		80FCAEEF222101DD00D0AC39 /* Base */ = {isa = PBXFileReference; lastKnownFileType = file.storyboard; name = Base; path = Base.lproj/Main.storyboard; sourceTree = "<group>"; };
		80FCAEF1222101E100D0AC39 /* Assets.xcassets */ = {isa = PBXFileReference; lastKnownFileType = folder.assetcatalog; path = Assets.xcassets; sourceTree = "<group>"; };
		80FCAEF4222101E100D0AC39 /* Base */ = {isa = PBXFileReference; lastKnownFileType = file.storyboard; name = Base; path = Base.lproj/LaunchScreen.storyboard; sourceTree = "<group>"; };
		80FCAEF6222101E100D0AC39 /* Info.plist */ = {isa = PBXFileReference; lastKnownFileType = text.plist.xml; path = Info.plist; sourceTree = "<group>"; };
		80FCAF03222440DD00D0AC39 /* DataModel.xcdatamodel */ = {isa = PBXFileReference; lastKnownFileType = wrapper.xcdatamodel; path = DataModel.xcdatamodel; sourceTree = "<group>"; };
		80FCAF26222AEB3A00D0AC39 /* CategoryTableViewController.swift */ = {isa = PBXFileReference; lastKnownFileType = sourcecode.swift; path = CategoryTableViewController.swift; sourceTree = "<group>"; };
/* End PBXFileReference section */

/* Begin PBXFrameworksBuildPhase section */
		80FCAEE4222101DD00D0AC39 /* Frameworks */ = {
			isa = PBXFrameworksBuildPhase;
			buildActionMask = 2147483647;
			files = (
			);
			runOnlyForDeploymentPostprocessing = 0;
		};
/* End PBXFrameworksBuildPhase section */

/* Begin PBXGroup section */
		80FCAEDE222101DD00D0AC39 = {
			isa = PBXGroup;
			children = (
				80FCAEE9222101DD00D0AC39 /* todoey */,
				80FCAEE8222101DD00D0AC39 /* Products */,
			);
			sourceTree = "<group>";
		};
		80FCAEE8222101DD00D0AC39 /* Products */ = {
			isa = PBXGroup;
			children = (
				80FCAEE7222101DD00D0AC39 /* todoey.app */,
			);
			name = Products;
			sourceTree = "<group>";
		};
		80FCAEE9222101DD00D0AC39 /* todoey */ = {
			isa = PBXGroup;
			children = (
				80FCAEEA222101DD00D0AC39 /* AppDelegate.swift */,
				80FCAEFF2223835400D0AC39 /* Controllers */,
				80FCAEFE2223833D00D0AC39 /* Data Model */,
				80FCAF002223836A00D0AC39 /* Views */,
				80FCAF012223838800D0AC39 /* Supporting Files */,
				80FCAEF6222101E100D0AC39 /* Info.plist */,
			);
			path = todoey;
			sourceTree = "<group>";
		};
		80FCAEFE2223833D00D0AC39 /* Data Model */ = {
			isa = PBXGroup;
			children = (
				80FCAF02222440DD00D0AC39 /* DataModel.xcdatamodeld */,
			);
			path = "Data Model";
			sourceTree = "<group>";
		};
		80FCAEFF2223835400D0AC39 /* Controllers */ = {
			isa = PBXGroup;
			children = (
				80FCAF26222AEB3A00D0AC39 /* CategoryTableViewController.swift */,
				80FCAEEC222101DD00D0AC39 /* ToDoListViewController.swift */,
			);
			path = Controllers;
			sourceTree = "<group>";
		};
		80FCAF002223836A00D0AC39 /* Views */ = {
			isa = PBXGroup;
			children = (
				80FCAEEE222101DD00D0AC39 /* Main.storyboard */,
			);
			path = Views;
			sourceTree = "<group>";
		};
		80FCAF012223838800D0AC39 /* Supporting Files */ = {
			isa = PBXGroup;
			children = (
				80FCAEF1222101E100D0AC39 /* Assets.xcassets */,
				80FCAEF3222101E100D0AC39 /* LaunchScreen.storyboard */,
			);
			path = "Supporting Files";
			sourceTree = "<group>";
		};
/* End PBXGroup section */

/* Begin PBXNativeTarget section */
		80FCAEE6222101DD00D0AC39 /* todoey */ = {
			isa = PBXNativeTarget;
			buildConfigurationList = 80FCAEF9222101E100D0AC39 /* Build configuration list for PBXNativeTarget "todoey" */;
			buildPhases = (
				80FCAEE3222101DD00D0AC39 /* Sources */,
				80FCAEE4222101DD00D0AC39 /* Frameworks */,
				80FCAEE5222101DD00D0AC39 /* Resources */,
			);
			buildRules = (
			);
			dependencies = (
			);
			name = todoey;
			productName = todoey;
			productReference = 80FCAEE7222101DD00D0AC39 /* todoey.app */;
			productType = "com.apple.product-type.application";
		};
/* End PBXNativeTarget section */

/* Begin PBXProject section */
		80FCAEDF222101DD00D0AC39 /* Project object */ = {
			isa = PBXProject;
			attributes = {
				LastSwiftUpdateCheck = 1010;
				LastUpgradeCheck = 1010;
				ORGANIZATIONNAME = "Furkan Bahat";
				TargetAttributes = {
					80FCAEE6222101DD00D0AC39 = {
						CreatedOnToolsVersion = 10.1;
					};
				};
			};
			buildConfigurationList = 80FCAEE2222101DD00D0AC39 /* Build configuration list for PBXProject "todoey" */;
			compatibilityVersion = "Xcode 9.3";
			developmentRegion = en;
			hasScannedForEncodings = 0;
			knownRegions = (
				en,
				Base,
			);
			mainGroup = 80FCAEDE222101DD00D0AC39;
			productRefGroup = 80FCAEE8222101DD00D0AC39 /* Products */;
			projectDirPath = "";
			projectRoot = "";
			targets = (
				80FCAEE6222101DD00D0AC39 /* todoey */,
			);
		};
/* End PBXProject section */

/* Begin PBXResourcesBuildPhase section */
		80FCAEE5222101DD00D0AC39 /* Resources */ = {
			isa = PBXResourcesBuildPhase;
			buildActionMask = 2147483647;
			files = (
				80FCAEF5222101E100D0AC39 /* LaunchScreen.storyboard in Resources */,
				80FCAEF2222101E100D0AC39 /* Assets.xcassets in Resources */,
				80FCAEF0222101DD00D0AC39 /* Main.storyboard in Resources */,
			);
			runOnlyForDeploymentPostprocessing = 0;
		};
/* End PBXResourcesBuildPhase section */

/* Begin PBXSourcesBuildPhase section */
		80FCAEE3222101DD00D0AC39 /* Sources */ = {
			isa = PBXSourcesBuildPhase;
			buildActionMask = 2147483647;
			files = (
				80FCAEED222101DD00D0AC39 /* ToDoListViewController.swift in Sources */,
				80FCAF04222440DD00D0AC39 /* DataModel.xcdatamodeld in Sources */,
				80FCAEEB222101DD00D0AC39 /* AppDelegate.swift in Sources */,
				80FCAF27222AEB3A00D0AC39 /* CategoryTableViewController.swift in Sources */,
			);
			runOnlyForDeploymentPostprocessing = 0;
		};
/* End PBXSourcesBuildPhase section */

/* Begin PBXVariantGroup section */
		80FCAEEE222101DD00D0AC39 /* Main.storyboard */ = {
			isa = PBXVariantGroup;
			children = (
				80FCAEEF222101DD00D0AC39 /* Base */,
			);
			name = Main.storyboard;
			sourceTree = "<group>";
		};
		80FCAEF3222101E100D0AC39 /* LaunchScreen.storyboard */ = {
			isa = PBXVariantGroup;
			children = (
				80FCAEF4222101E100D0AC39 /* Base */,
			);
			name = LaunchScreen.storyboard;
			sourceTree = "<group>";
		};
/* End PBXVariantGroup section */

/* Begin XCBuildConfiguration section */
		80FCAEF7222101E100D0AC39 /* Debug */ = {
			isa = XCBuildConfiguration;
			buildSettings = {
				ALWAYS_SEARCH_USER_PATHS = NO;
				CLANG_ANALYZER_NONNULL = YES;
				CLANG_ANALYZER_NUMBER_OBJECT_CONVERSION = YES_AGGRESSIVE;
				CLANG_CXX_LANGUAGE_STANDARD = "gnu++14";
				CLANG_CXX_LIBRARY = "libc++";
				CLANG_ENABLE_MODULES = YES;
				CLANG_ENABLE_OBJC_ARC = YES;
				CLANG_ENABLE_OBJC_WEAK = YES;
				CLANG_WARN_BLOCK_CAPTURE_AUTORELEASING = YES;
				CLANG_WARN_BOOL_CONVERSION = YES;
				CLANG_WARN_COMMA = YES;
				CLANG_WARN_CONSTANT_CONVERSION = YES;
				CLANG_WARN_DEPRECATED_OBJC_IMPLEMENTATIONS = YES;
				CLANG_WARN_DIRECT_OBJC_ISA_USAGE = YES_ERROR;
				CLANG_WARN_DOCUMENTATION_COMMENTS = YES;
				CLANG_WARN_EMPTY_BODY = YES;
				CLANG_WARN_ENUM_CONVERSION = YES;
				CLANG_WARN_INFINITE_RECURSION = YES;
				CLANG_WARN_INT_CONVERSION = YES;
				CLANG_WARN_NON_LITERAL_NULL_CONVERSION = YES;
				CLANG_WARN_OBJC_IMPLICIT_RETAIN_SELF = YES;
				CLANG_WARN_OBJC_LITERAL_CONVERSION = YES;
				CLANG_WARN_OBJC_ROOT_CLASS = YES_ERROR;
				CLANG_WARN_RANGE_LOOP_ANALYSIS = YES;
				CLANG_WARN_STRICT_PROTOTYPES = YES;
				CLANG_WARN_SUSPICIOUS_MOVE = YES;
				CLANG_WARN_UNGUARDED_AVAILABILITY = YES_AGGRESSIVE;
				CLANG_WARN_UNREACHABLE_CODE = YES;
				CLANG_WARN__DUPLICATE_METHOD_MATCH = YES;
				CODE_SIGN_IDENTITY = "iPhone Developer";
				COPY_PHASE_STRIP = NO;
				DEBUG_INFORMATION_FORMAT = dwarf;
				ENABLE_STRICT_OBJC_MSGSEND = YES;
				ENABLE_TESTABILITY = YES;
				GCC_C_LANGUAGE_STANDARD = gnu11;
				GCC_DYNAMIC_NO_PIC = NO;
				GCC_NO_COMMON_BLOCKS = YES;
				GCC_OPTIMIZATION_LEVEL = 0;
				GCC_PREPROCESSOR_DEFINITIONS = (
					"DEBUG=1",
					"$(inherited)",
				);
				GCC_WARN_64_TO_32_BIT_CONVERSION = YES;
				GCC_WARN_ABOUT_RETURN_TYPE = YES_ERROR;
				GCC_WARN_UNDECLARED_SELECTOR = YES;
				GCC_WARN_UNINITIALIZED_AUTOS = YES_AGGRESSIVE;
				GCC_WARN_UNUSED_FUNCTION = YES;
				GCC_WARN_UNUSED_VARIABLE = YES;
				IPHONEOS_DEPLOYMENT_TARGET = 12.1;
				MTL_ENABLE_DEBUG_INFO = INCLUDE_SOURCE;
				MTL_FAST_MATH = YES;
				ONLY_ACTIVE_ARCH = YES;
				SDKROOT = iphoneos;
				SWIFT_ACTIVE_COMPILATION_CONDITIONS = DEBUG;
				SWIFT_OPTIMIZATION_LEVEL = "-Onone";
			};
			name = Debug;
		};
		80FCAEF8222101E100D0AC39 /* Release */ = {
			isa = XCBuildConfiguration;
			buildSettings = {
				ALWAYS_SEARCH_USER_PATHS = NO;
				CLANG_ANALYZER_NONNULL = YES;
				CLANG_ANALYZER_NUMBER_OBJECT_CONVERSION = YES_AGGRESSIVE;
				CLANG_CXX_LANGUAGE_STANDARD = "gnu++14";
				CLANG_CXX_LIBRARY = "libc++";
				CLANG_ENABLE_MODULES = YES;
				CLANG_ENABLE_OBJC_ARC = YES;
				CLANG_ENABLE_OBJC_WEAK = YES;
				CLANG_WARN_BLOCK_CAPTURE_AUTORELEASING = YES;
				CLANG_WARN_BOOL_CONVERSION = YES;
				CLANG_WARN_COMMA = YES;
				CLANG_WARN_CONSTANT_CONVERSION = YES;
				CLANG_WARN_DEPRECATED_OBJC_IMPLEMENTATIONS = YES;
				CLANG_WARN_DIRECT_OBJC_ISA_USAGE = YES_ERROR;
				CLANG_WARN_DOCUMENTATION_COMMENTS = YES;
				CLANG_WARN_EMPTY_BODY = YES;
				CLANG_WARN_ENUM_CONVERSION = YES;
				CLANG_WARN_INFINITE_RECURSION = YES;
				CLANG_WARN_INT_CONVERSION = YES;
				CLANG_WARN_NON_LITERAL_NULL_CONVERSION = YES;
				CLANG_WARN_OBJC_IMPLICIT_RETAIN_SELF = YES;
				CLANG_WARN_OBJC_LITERAL_CONVERSION = YES;
				CLANG_WARN_OBJC_ROOT_CLASS = YES_ERROR;
				CLANG_WARN_RANGE_LOOP_ANALYSIS = YES;
				CLANG_WARN_STRICT_PROTOTYPES = YES;
				CLANG_WARN_SUSPICIOUS_MOVE = YES;
				CLANG_WARN_UNGUARDED_AVAILABILITY = YES_AGGRESSIVE;
				CLANG_WARN_UNREACHABLE_CODE = YES;
				CLANG_WARN__DUPLICATE_METHOD_MATCH = YES;
				CODE_SIGN_IDENTITY = "iPhone Developer";
				COPY_PHASE_STRIP = NO;
				DEBUG_INFORMATION_FORMAT = "dwarf-with-dsym";
				ENABLE_NS_ASSERTIONS = NO;
				ENABLE_STRICT_OBJC_MSGSEND = YES;
				GCC_C_LANGUAGE_STANDARD = gnu11;
				GCC_NO_COMMON_BLOCKS = YES;
				GCC_WARN_64_TO_32_BIT_CONVERSION = YES;
				GCC_WARN_ABOUT_RETURN_TYPE = YES_ERROR;
				GCC_WARN_UNDECLARED_SELECTOR = YES;
				GCC_WARN_UNINITIALIZED_AUTOS = YES_AGGRESSIVE;
				GCC_WARN_UNUSED_FUNCTION = YES;
				GCC_WARN_UNUSED_VARIABLE = YES;
				IPHONEOS_DEPLOYMENT_TARGET = 12.1;
				MTL_ENABLE_DEBUG_INFO = NO;
				MTL_FAST_MATH = YES;
				SDKROOT = iphoneos;
				SWIFT_COMPILATION_MODE = wholemodule;
				SWIFT_OPTIMIZATION_LEVEL = "-O";
				VALIDATE_PRODUCT = YES;
			};
			name = Release;
		};
		80FCAEFA222101E100D0AC39 /* Debug */ = {
			isa = XCBuildConfiguration;
			buildSettings = {
				ASSETCATALOG_COMPILER_APPICON_NAME = AppIcon;
				CODE_SIGN_STYLE = Automatic;
				DEVELOPMENT_TEAM = 8FHHGZ38WA;
				INFOPLIST_FILE = todoey/Info.plist;
				LD_RUNPATH_SEARCH_PATHS = (
					"$(inherited)",
					"@executable_path/Frameworks",
				);
				PRODUCT_BUNDLE_IDENTIFIER = "Furkan-Bahat.todoey";
				PRODUCT_NAME = "$(TARGET_NAME)";
				SWIFT_VERSION = 4.2;
				TARGETED_DEVICE_FAMILY = "1,2";
			};
			name = Debug;
		};
		80FCAEFB222101E100D0AC39 /* Release */ = {
			isa = XCBuildConfiguration;
			buildSettings = {
				ASSETCATALOG_COMPILER_APPICON_NAME = AppIcon;
				CODE_SIGN_STYLE = Automatic;
				DEVELOPMENT_TEAM = 8FHHGZ38WA;
				INFOPLIST_FILE = todoey/Info.plist;
				LD_RUNPATH_SEARCH_PATHS = (
					"$(inherited)",
					"@executable_path/Frameworks",
				);
				PRODUCT_BUNDLE_IDENTIFIER = "Furkan-Bahat.todoey";
				PRODUCT_NAME = "$(TARGET_NAME)";
				SWIFT_VERSION = 4.2;
				TARGETED_DEVICE_FAMILY = "1,2";
			};
			name = Release;
		};
/* End XCBuildConfiguration section */

/* Begin XCConfigurationList section */
		80FCAEE2222101DD00D0AC39 /* Build configuration list for PBXProject "todoey" */ = {
			isa = XCConfigurationList;
			buildConfigurations = (
				80FCAEF7222101E100D0AC39 /* Debug */,
				80FCAEF8222101E100D0AC39 /* Release */,
			);
			defaultConfigurationIsVisible = 0;
			defaultConfigurationName = Release;
		};
		80FCAEF9222101E100D0AC39 /* Build configuration list for PBXNativeTarget "todoey" */ = {
			isa = XCConfigurationList;
			buildConfigurations = (
				80FCAEFA222101E100D0AC39 /* Debug */,
				80FCAEFB222101E100D0AC39 /* Release */,
			);
			defaultConfigurationIsVisible = 0;
			defaultConfigurationName = Release;
		};
/* End XCConfigurationList section */

/* Begin XCVersionGroup section */
		80FCAF02222440DD00D0AC39 /* DataModel.xcdatamodeld */ = {
			isa = XCVersionGroup;
			children = (
				80FCAF03222440DD00D0AC39 /* DataModel.xcdatamodel */,
			);
			currentVersion = 80FCAF03222440DD00D0AC39 /* DataModel.xcdatamodel */;
			path = DataModel.xcdatamodeld;
			sourceTree = "<group>";
			versionGroupType = wrapper.xcdatamodel;
		};
/* End XCVersionGroup section */
	};
	rootObject = 80FCAEDF222101DD00D0AC39 /* Project object */;
}
